github.com/confluentinc/confluent-kafka-go v0.11.6 h1:rEblubnNXCjRThwAGnFSzLKYIRAoXLDC3A9r4ciziHU=
github.com/confluentinc/confluent-kafka-go v0.11.6/go.mod h1:u2zNLny2xq+5rWeTQjFHbDzzNuba4P1vo31r9r4uAdg=
github.com/davecgh/go-spew v1.1.1 h1:vj9j/u1bqnvCEfJOwUhtlOARqs3+rkHYY13jYWTU97c=
github.com/davecgh/go-spew v1.1.1/go.mod h1:J7Y8YcW2NihsgmVo/mv3lAwl/skON4iLHjSsI+c5H38=
github.com/golang/snappy v0.0.0-20180518054509-2e65f85255db h1:woRePGFeVFfLKN/pOkfl+p/TAqKOfFu+7KPlMVpok/w=
github.com/golang/snappy v0.0.0-20180518054509-2e65f85255db/go.mod h1:/XxbfmMg8lxefKM7IXC3fBNl/7bRcc72aCRzEWrmP2Q=
github.com/landoop/schema-registry v0.0.0-20180614054439-8473163e8587 h1:z5RQnj+2TtCS4OvIbk6OeduSNb33i271L/5O4xqCgMI=
github.com/landoop/schema-registry v0.0.0-20180614054439-8473163e8587/go.mod h1:yITyTTMx2IS5mpfZjQ64gJhL5U5RvcorFBu+z4/euXg=
github.com/linkedin/goavro v0.0.0-20181018120728-1beee2a74088 h1:T+kPxsfvkFtz7x6ysgOYjki7khHjowQW6DD1rcpOS0Q=
github.com/linkedin/goavro v0.0.0-20181018120728-1beee2a74088/go.mod h1:vL3ODoWTPCBSeKVFgQ+lvSq0VOzTB5TcXvUX+4pU/+Q=
github.com/pkg/errors v0.8.0 h1:WdK/asTD0HN+q6hsWO3/vpuAkAr+tw6aNJNDFFf0+qw=
github.com/pkg/errors v0.8.0/go.mod h1:bwawxfHBFNV+L2hUp1rHADufV3IMtnDRdf1r5NINEl0=
github.com/pmezard/go-difflib v1.0.0 h1:4DBwDE0NGyQoBHbLQYPwSUPoCMWR5BEzIk/f1lZbAQM=
github.com/pmezard/go-difflib v1.0.0/go.mod h1:iKH77koFhYxTK1pcRnkKkqfTogsbg7gZNVY4sRDYZ/4=
github.com/stretchr/testify v1.2.2 h1:bSDNvY7ZPG5RlJ8otE/7V6gMiyenm9RtJ7IUVIAoJ1w=
github.com/stretchr/testify v1.2.2/go.mod h1:a8OnRcib4nhh0OaRAV+Yts87kKdq0PP7pXfy6kDkUVs=
gopkg.in/guregu/null.v3 v3.4.0 h1:AOpMtZ85uElRhQjEDsFx21BkXqFPwA7uoJukd4KErIs=
gopkg.in/guregu/null.v3 v3.4.0/go.mod h1:E4tX2Qe3h7QdL+uZ3a0vqvYwKQsRSQKM5V4YltdgH9Y=
gopkg.in/linkedin/goavro.v1 v1.0.5 h1:BJa69CDh0awSsLUmZ9+BowBdokpduDZSM9Zk8oKHfN4=
gopkg.in/linkedin/goavro.v1 v1.0.5/go.mod h1:Aw5GdAbizjOEl0kAMHV9iHmA8reZzW/OKuJAl4Hb9F0=
